<?xml version="1.0" encoding="utf-8"?>
<Project ToolsVersion="4.0" xmlns="http://schemas.microsoft.com/developer/msbuild/2003">
  <ItemGroup>
    <Filter Include="Source Files">
      <UniqueIdentifier>{4FC737F1-C7A5-4376-A066-2A32D752A2FF}</UniqueIdentifier>
      <Extensions>cpp;cxx;c;def</Extensions>
    </Filter>
    <Filter Include="Header Files">
      <UniqueIdentifier>{93995380-89BD-4b04-88EB-625FBE52EBFB}</UniqueIdentifier>
      <Extensions>h</Extensions>
    </Filter>
    <Filter Include="Form Files">
      <UniqueIdentifier>{99349809-55BA-4b9d-BF79-8FDBB0286EB3}</UniqueIdentifier>
      <Extensions>ui</Extensions>
    </Filter>
    <Filter Include="Resource Files">
      <UniqueIdentifier>{D9D6E242-F8AF-46E4-B9FD-80ECBC20BA3E}</UniqueIdentifier>
      <Extensions>qrc;*</Extensions>
      <ParseFiles>false</ParseFiles>
    </Filter>
    <Filter Include="Generated Files">
      <UniqueIdentifier>{71ED8ED8-ACB9-4CE9-BBE1-E00B30144E11}</UniqueIdentifier>
      <Extensions>moc;h;cpp</Extensions>
      <SourceControlFiles>False</SourceControlFiles>
    </Filter>
    <Filter Include="Generated Files\Debug">
      <UniqueIdentifier>{44bfdf32-0d1f-4013-a98d-83c5a3365229}</UniqueIdentifier>
      <Extensions>cpp;moc</Extensions>
      <SourceControlFiles>False</SourceControlFiles>
    </Filter>
    <Filter Include="Generated Files\Release">
      <UniqueIdentifier>{f745591d-1952-4d68-8a4b-f047ad942b4a}</UniqueIdentifier>
      <Extensions>cpp;moc</Extensions>
      <SourceControlFiles>False</SourceControlFiles>
    </Filter>
  </ItemGroup>
  <ItemGroup>
    <ClCompile Include="main.cpp">
      <Filter>Source Files</Filter>
    </ClCompile>
    <ClCompile Include="GeneratedFiles\qrc_videoarrange.cpp">
      <Filter>Generated Files</Filter>
    </ClCompile>
    <ClCompile Include="GeneratedFiles\Debug\moc_VideoEditor.cpp">
      <Filter>Generated Files\Debug</Filter>
    </ClCompile>
    <ClCompile Include="GeneratedFiles\Release\moc_VideoEditor.cpp">
      <Filter>Generated Files\Release</Filter>
    </ClCompile>
    <ClCompile Include="TimeZone\TimeView.cpp">
      <Filter>Source Files</Filter>
    </ClCompile>
    <ClCompile Include="TimeZone\TimePointerView.cpp">
      <Filter>Source Files</Filter>
    </ClCompile>
    <ClCompile Include="TimeZone\TimeVideoView.cpp">
      <Filter>Source Files</Filter>
    </ClCompile>
    <ClCompile Include="TimeZone\TimeBarView.cpp">
      <Filter>Source Files</Filter>
    </ClCompile>
    <ClCompile Include="GeneratedFiles\Debug\moc_TimeBarView.cpp">
      <Filter>Generated Files\Debug</Filter>
    </ClCompile>
    <ClCompile Include="GeneratedFiles\Release\moc_TimeBarView.cpp">
      <Filter>Generated Files\Release</Filter>
    </ClCompile>
    <ClCompile Include="GeneratedFiles\Debug\moc_TimeView.cpp">
      <Filter>Generated Files\Debug</Filter>
    </ClCompile>
    <ClCompile Include="GeneratedFiles\Release\moc_TimeView.cpp">
      <Filter>Generated Files\Release</Filter>
    </ClCompile>
    <ClCompile Include="GeneratedFiles\Debug\moc_TimePointerView.cpp">
      <Filter>Generated Files\Debug</Filter>
    </ClCompile>
    <ClCompile Include="GeneratedFiles\Release\moc_TimePointerView.cpp">
      <Filter>Generated Files\Release</Filter>
    </ClCompile>
    <ClCompile Include="Layer\GraphicsLayoutRectItem.cpp">
      <Filter>Source Files</Filter>
    </ClCompile>
    <ClCompile Include="Layer\GraphicsLayoutTextItem.cpp">
      <Filter>Source Files</Filter>
    </ClCompile>
    <ClCompile Include="Layer\LayerView.cpp">
      <Filter>Source Files</Filter>
    </ClCompile>
    <ClCompile Include="GeneratedFiles\Debug\moc_LayerView.cpp">
      <Filter>Generated Files\Debug</Filter>
    </ClCompile>
    <ClCompile Include="GeneratedFiles\Release\moc_LayerView.cpp">
      <Filter>Generated Files\Release</Filter>
    </ClCompile>
    <ClCompile Include="Table\MediaResModel.cpp">
      <Filter>Source Files</Filter>
    </ClCompile>
    <ClCompile Include="GeneratedFiles\Debug\moc_MediaResModel.cpp">
      <Filter>Generated Files\Debug</Filter>
    </ClCompile>
    <ClCompile Include="GeneratedFiles\Release\moc_MediaResModel.cpp">
      <Filter>Generated Files\Release</Filter>
    </ClCompile>
    <ClCompile Include="Table\DomItem.cpp">
      <Filter>Source Files</Filter>
    </ClCompile>
    <ClCompile Include="Table\TableView.cpp">
      <Filter>Source Files</Filter>
    </ClCompile>
    <ClCompile Include="TimeZone\TimeVideoItem.cpp">
      <Filter>Source Files</Filter>
    </ClCompile>
    <ClCompile Include="TimeZone\TimeVideoLine.cpp">
      <Filter>Source Files</Filter>
    </ClCompile>
    <ClCompile Include="GeneratedFiles\Debug\moc_TimeVideoView.cpp">
      <Filter>Generated Files\Debug</Filter>
    </ClCompile>
    <ClCompile Include="GeneratedFiles\Release\moc_TimeVideoView.cpp">
      <Filter>Generated Files\Release</Filter>
    </ClCompile>
    <ClCompile Include="SizeGrib\SizeGripItem.cpp">
      <Filter>Source Files</Filter>
    </ClCompile>
    <ClCompile Include="Document\Document.cpp">
      <Filter>Source Files</Filter>
    </ClCompile>
    <ClCompile Include="Document\Observer.cpp">
      <Filter>Source Files</Filter>
    </ClCompile>
    <ClCompile Include="Play\PlayWidget.cpp">
      <Filter>Source Files</Filter>
    </ClCompile>
    <ClCompile Include="GeneratedFiles\Debug\moc_PlayWidget.cpp">
      <Filter>Generated Files\Debug</Filter>
    </ClCompile>
    <ClCompile Include="GeneratedFiles\Release\moc_PlayWidget.cpp">
      <Filter>Generated Files\Release</Filter>
    </ClCompile>
    <ClCompile Include="Controls\TimeLineScrollBar.cpp">
      <Filter>Source Files</Filter>
    </ClCompile>
    <ClCompile Include="GeneratedFiles\Debug\moc_TimeLineScrollBar.cpp">
      <Filter>Generated Files\Debug</Filter>
    </ClCompile>
    <ClCompile Include="GeneratedFiles\Release\moc_TimeLineScrollBar.cpp">
      <Filter>Generated Files\Release</Filter>
    </ClCompile>
    <ClCompile Include="Controls\CustomStyle.cpp">
      <Filter>Source Files</Filter>
    </ClCompile>
    <ClCompile Include="uilogic\TimeLineField.cpp">
      <Filter>Source Files</Filter>
    </ClCompile>
    <ClCompile Include="uilogic\VideoEditor.cpp">
      <Filter>Source Files</Filter>
    </ClCompile>
    <ClCompile Include="GeneratedFiles\Debug\moc_TimeLineField.cpp">
      <Filter>Generated Files\Debug</Filter>
    </ClCompile>
    <ClCompile Include="GeneratedFiles\Release\moc_TimeLineField.cpp">
      <Filter>Generated Files\Release</Filter>
    </ClCompile>
    <ClCompile Include="Controls\StatusButton.cpp">
      <Filter>Source Files</Filter>
    </ClCompile>
    <ClCompile Include="GeneratedFiles\Debug\moc_StatusButton.cpp">
      <Filter>Generated Files\Debug</Filter>
    </ClCompile>
    <ClCompile Include="GeneratedFiles\Release\moc_StatusButton.cpp">
      <Filter>Generated Files\Release</Filter>
    </ClCompile>
    <ClCompile Include="GeneratedFiles\Debug\moc_LeftHandleLayer.cpp">
      <Filter>Generated Files\Debug</Filter>
    </ClCompile>
    <ClCompile Include="GeneratedFiles\Release\moc_LeftHandleLayer.cpp">
      <Filter>Generated Files\Release</Filter>
    </ClCompile>
    <ClCompile Include="Layer\LeftHandleLayer.cpp">
      <Filter>Source Files</Filter>
    </ClCompile>
    <ClCompile Include="Layer\RightLayer.cpp">
      <Filter>Source Files</Filter>
    </ClCompile>
    <ClCompile Include="Controls\EffectEditor.cpp">
      <Filter>Source Files</Filter>
    </ClCompile>
    <ClCompile Include="GeneratedFiles\Debug\moc_EffectEditor.cpp">
      <Filter>Generated Files\Debug</Filter>
    </ClCompile>
    <ClCompile Include="GeneratedFiles\Release\moc_EffectEditor.cpp">
      <Filter>Generated Files\Release</Filter>
    </ClCompile>
    <ClCompile Include="Controls\EffectValueEditor.cpp">
      <Filter>Source Files</Filter>
    </ClCompile>
    <ClCompile Include="GeneratedFiles\Debug\moc_EffectValueEditor.cpp">
      <Filter>Generated Files\Debug</Filter>
    </ClCompile>
    <ClCompile Include="GeneratedFiles\Release\moc_EffectValueEditor.cpp">
      <Filter>Generated Files\Release</Filter>
    </ClCompile>
    <ClCompile Include="uilogic\LayerBuilder.cpp">
      <Filter>Source Files</Filter>
    </ClCompile>
    <ClCompile Include="Layer\Layer.cpp">
      <Filter>Source Files</Filter>
    </ClCompile>
    <ClCompile Include="Controls\GraphicsButton.cpp">
      <Filter>Source Files</Filter>
    </ClCompile>
    <ClCompile Include="GeneratedFiles\Debug\moc_GraphicsButton.cpp">
      <Filter>Generated Files\Debug</Filter>
    </ClCompile>
    <ClCompile Include="GeneratedFiles\Release\moc_GraphicsButton.cpp">
      <Filter>Generated Files\Release</Filter>
    </ClCompile>
    <ClCompile Include="TimeZone\TimeMarkerItem.cpp">
      <Filter>Source Files</Filter>
    </ClCompile>
    <ClCompile Include="GeneratedFiles\Debug\moc_TimeVideoLine.cpp">
      <Filter>Generated Files\Debug</Filter>
    </ClCompile>
    <ClCompile Include="GeneratedFiles\Release\moc_TimeVideoLine.cpp">
      <Filter>Generated Files\Release</Filter>
    </ClCompile>
    <ClCompile Include="Controls\IMagnet.cpp">
      <Filter>Source Files</Filter>
    </ClCompile>
    <ClCompile Include="Controls\MagnetManager.cpp">
      <Filter>Source Files</Filter>
    </ClCompile>
  </ItemGroup>
  <ItemGroup>
    <CustomBuild Include="Resources\videoarrange.qrc">
      <Filter>Resource Files</Filter>
    </CustomBuild>
    <CustomBuild Include="TimeZone\TimeBarView.h">
      <Filter>Header Files</Filter>
    </CustomBuild>
    <CustomBuild Include="TimeZone\TimeView.h">
      <Filter>Header Files</Filter>
    </CustomBuild>
    <CustomBuild Include="TimeZone\TimePointerView.h">
      <Filter>Header Files</Filter>
    </CustomBuild>
    <CustomBuild Include="Layer\LayerView.h">
      <Filter>Header Files</Filter>
    </CustomBuild>
    <CustomBuild Include="Table\MediaResModel.h">
      <Filter>Header Files</Filter>
    </CustomBuild>
    <CustomBuild Include="TimeZone\TimeVideoView.h">
      <Filter>Header Files</Filter>
    </CustomBuild>
    <CustomBuild Include="TimeZone\TimeVideoItem.h">
      <Filter>Header Files</Filter>
    </CustomBuild>
    <CustomBuild Include="Play\PlayWidget.h">
      <Filter>Header Files</Filter>
    </CustomBuild>
    <CustomBuild Include="Controls\TimeLineScrollBar.h">
      <Filter>Header Files</Filter>
    </CustomBuild>
    <CustomBuild Include="uilogic\VideoEditor.h">
      <Filter>Header Files</Filter>
    </CustomBuild>
    <CustomBuild Include="uilogic\TimeLineField.h">
      <Filter>Header Files</Filter>
    </CustomBuild>
    <CustomBuild Include="Controls\StatusButton.h">
      <Filter>Header Files</Filter>
    </CustomBuild>
    <CustomBuild Include="Layer\LeftHandleLayer.h">
      <Filter>Header Files</Filter>
    </CustomBuild>
    <CustomBuild Include="Controls\EffectEditor.h">
      <Filter>Header Files</Filter>
    </CustomBuild>
    <CustomBuild Include="Controls\EffectValueEditor.h">
      <Filter>Header Files</Filter>
    </CustomBuild>
    <CustomBuild Include="Controls\GraphicsButton.h">
      <Filter>Header Files</Filter>
    </CustomBuild>
    <CustomBuild Include="TimeZone\TimeVideoLine.h">
      <Filter>Header Files</Filter>
    </CustomBuild>
  </ItemGroup>
  <ItemGroup>
    <ClInclude Include="Layer\GraphicsLayoutRectItem.h">
      <Filter>Header Files</Filter>
    </ClInclude>
    <ClInclude Include="Layer\GraphicsLayoutTextItem.h">
      <Filter>Header Files</Filter>
    </ClInclude>
    <ClInclude Include="Table\DomItem.h">
      <Filter>Header Files</Filter>
    </ClInclude>
    <ClInclude Include="Table\TableView.h">
      <Filter>Header Files</Filter>
    </ClInclude>
    <ClInclude Include="TimeZone\ResourceInterface.h">
      <Filter>Header Files</Filter>
    </ClInclude>
    <ClInclude Include="SizeGrib\SizeGripItem.h">
      <Filter>Header Files</Filter>
    </ClInclude>
    <ClInclude Include="Document\Document.h">
      <Filter>Header Files</Filter>
    </ClInclude>
    <ClInclude Include="Document\Observer.h">
      <Filter>Header Files</Filter>
    </ClInclude>
    <ClInclude Include="Controls\CustomStyle.h">
      <Filter>Header Files</Filter>
    </ClInclude>
    <ClInclude Include="Layer\RightLayer.h">
      <Filter>Header Files</Filter>
    </ClInclude>
    <ClInclude Include="uilogic\LayerBuilder.h">
      <Filter>Header Files</Filter>
    </ClInclude>
    <ClInclude Include="Layer\Layer.h">
      <Filter>Header Files</Filter>
    </ClInclude>
    <ClInclude Include="Controls\IOriginatorEditor.h">
      <Filter>Header Files</Filter>
    </ClInclude>
    <ClInclude Include="TimeZone\TimeMarkerItem.h">
      <Filter>Header Files</Filter>
    </ClInclude>
    <ClInclude Include="Controls\IMagnet.h">
      <Filter>Header Files</Filter>
    </ClInclude>
    <ClInclude Include="Controls\MagnetManager.h">
      <Filter>Header Files</Filter>
    </ClInclude>
  </ItemGroup>
  <ItemGroup>
    <None Include="qml\slider.qml" />
  </ItemGroup>
</Project>